{
  "name": "codeHighlighter",
  "version": "1.0.0",
  "lockfileVersion": 2,
  "requires": true,
  "packages": {
    "": {
      "version": "1.0.0",
      "dependencies": {
        "jquery": "^3.5.1"
      },
      "devDependencies": {
        "uglify-js": "^3.12.2"
      },
      "license": {
        "name": "MIT",
        "url": "http://opensource.org/licenses/MIT"
      }
    },
    "node_modules/jquery": {
      "version": "3.5.1",
      "resolved": "https://registry.npmjs.org/jquery/-/jquery-3.5.1.tgz",
      "integrity": "sha512-XwIBPqcMn57FxfT+Go5pzySnm4KWkT1Tv7gjrpT1srtf8Weynl6R273VJ5GjkRb51IzMp5nbaPjJXMWeju2MKg=="
    },
    "node_modules/uglify-js": {
      "version": "3.12.2",
      "resolved": "https://registry.npmjs.org/uglify-js/-/uglify-js-3.12.2.tgz",
      "integrity": "sha512-rWYleAvfJPjduYCt+ELvzybNah/zIkRteGXIBO8X0lteRZPGladF61hFi8tU7qKTsF7u6DUQCtT9k00VlFOgkg==",
      "dev": true,
      "bin": {
        "uglifyjs": "bin/uglifyjs"
      },
      "engines": {
        "node": ">=0.8.0"
      }
    }
  },
  "dependencies": {
    "jquery": {
      "version": "3.5.1",
      "resolved": "https://registry.npmjs.org/jquery/-/jquery-3.5.1.tgz",
      "integrity": "sha512-XwIBPqcMn57FxfT+Go5pzySnm4KWkT1Tv7gjrpT1srtf8Weynl6R273VJ5GjkRb51IzMp5nbaPjJXMWeju2MKg=="
    },
    "uglify-js": {
      "version": "3.12.2",
      "resolved": "https://registry.npmjs.org/uglify-js/-/uglify-js-3.12.2.tgz",
      "integrity": "sha512-rWYleAvfJPjduYCt+ELvzybNah/zIkRteGXIBO8X0lteRZPGladF61hFi8tU7qKTsF7u6DUQCtT9k00VlFOgkg==",
      "dev": true
    }
  }
}
